
Microsoft Visual Studio Solution File, Format Version 12.00
# Visual Studio Version 16
VisualStudioVersion = 16.0.30413.136
MinimumVisualStudioVersion = 10.0.40219.1
Project("{9A19103F-16F7-4668-BE54-9A1E7A4F7556}") = "TipCalculator", "TipCalculator\TipCalculator.csproj", "{792B51FA-00B0-48BC-8DA7-FF23194365AF}"
EndProject
Project("{54435603-DBB4-11D2-8724-00A0C9A8B90C}") = "Lab7", "Lab7\Lab7.vdproj", "{A8C33C7F-7421-4A22-94D3-8E8C2E051EA9}"
EndProject
Global
	GlobalSection(SolutionConfigurationPlatforms) = preSolution
		Debug|Any CPU = Debug|Any CPU
		Release|Any CPU = Release|Any CPU
	EndGlobalSection
	GlobalSection(ProjectConfigurationPlatforms) = postSolution
		{792B51FA-00B0-48BC-8DA7-FF23194365AF}.Debug|Any CPU.ActiveCfg = Release|Any CPU
		{792B51FA-00B0-48BC-8DA7-FF23194365AF}.Debug|Any CPU.Build.0 = Release|Any CPU
		{792B51FA-00B0-48BC-8DA7-FF23194365AF}.Release|Any CPU.ActiveCfg = Release|Any CPU
		{792B51FA-00B0-48BC-8DA7-FF23194365AF}.Release|Any CPU.Build.0 = Release|Any CPU
		{A8C33C7F-7421-4A22-94D3-8E8C2E051EA9}.Debug|Any CPU.ActiveCfg = Release
		{A8C33C7F-7421-4A22-94D3-8E8C2E051EA9}.Release|Any CPU.ActiveCfg = Release
	EndGlobalSection
	GlobalSection(SolutionProperties) = preSolution
		HideSolutionNode = FALSE
	EndGlobalSection
	GlobalSection(ExtensibilityGlobals) = postSolution
		SolutionGuid = {CE73FE32-B9D1-400B-8F2C-77ABC4262C8A}
	EndGlobalSection
EndGlobal
